github.com/davecgh/go-spew v1.1.2-0.20180830191138-d8f796af33cc h1:U9qPSI2PIWSS1VwoXQT9A3Wy9MM3WgvqSxFWenqJduM=
github.com/go-leo/gox v0.1.22 h1:0E5AFaWlFnDTyzmmEdO8rV70ue8WPbHedzEKPmW+VCc=
github.com/go-leo/gox v0.1.22/go.mod h1:yTT+R+/y52zHx3VXw0uxoIsmG1gUdVAmaI/CiTyELTs=
github.com/google/go-cmp v0.6.0 h1:ofyhxvXcZhMsU5ulbFiLKl/XBFqE1GSq7atu8tAmTRI=
github.com/gorilla/mux v1.8.1 h1:TuBL49tXwgrFYWhqrNgrUNEY92u81SPhu7sTdzQEiWY=
github.com/gorilla/mux v1.8.1/go.mod h1:AKf9I4AEqPTmMytcMc0KkNouC66V3BtZ4qD5fmWSiMQ=
github.com/pmezard/go-difflib v1.0.1-0.20181226105442-5d4384ee4fb2 h1:Jamvg5psRIccs7FGNTlIRMkT8wgtp5eCXdBlqhYGL6U=
github.com/stretchr/testify v1.10.0 h1:Xv5erBjTwe/5IxqUQTdXv5kgmIvbHo3QQyRwhJsOfJA=
golang.org/x/exp v0.0.0-20240904232852-e7e105dedf7e h1:I88y4caeGeuDQxgdoFPUq097j7kNfw6uvuiNxUBfcBk=
golang.org/x/exp v0.0.0-20240904232852-e7e105dedf7e/go.mod h1:akd2r19cwCdwSwWeIdzYQGa/EZZyqcOdwWiwj5L5eKQ=
google.golang.org/genproto/googleapis/api v0.0.0-20240812133136-8ffd90a71988 h1:+/tmTy5zAieooKIXfzDm9KiA3Bv6JBwriRN9LY+yayk=
google.golang.org/genproto/googleapis/api v0.0.0-20240812133136-8ffd90a71988/go.mod h1:4+X6GvPs+25wZKbQq9qyAXrwIRExv7w0Ea6MgZLZiDM=
google.golang.org/genproto/googleapis/rpc v0.0.0-20240812133136-8ffd90a71988 h1:V71AcdLZr2p8dC9dbOIMCpqi4EmRl8wUwnJzXXLmbmc=
google.golang.org/genproto/googleapis/rpc v0.0.0-20240812133136-8ffd90a71988/go.mod h1:Ue6ibwXGpU+dqIcODieyLOcgj7z8+IcskoNIgZxtrFY=
google.golang.org/protobuf v1.34.2 h1:6xV6lTsCfpGD21XK49h7MhtcApnLqkfYgPcdHftf6hg=
google.golang.org/protobuf v1.34.2/go.mod h1:qYOHts0dSfpeUzUFpOMr/WGzszTmLH+DiWniOlNbLDw=
gopkg.in/yaml.v3 v3.0.1 h1:fxVm/GzAzEWqLHuvctI91KS9hhNmmWOoWu0XTYJS7CA=
